// !$*UTF8*$!
{
	archiveVersion = 1;
	classes = {
	};
	objectVersion = 46;
	objects = {

/* Begin PBXBuildFile section */
		83057D101A6CAF630089AED9 /* interactive_resume in Resources */ = {isa = PBXBuildFile; fileRef = 83057D0F1A6CAF630089AED9 /* interactive_resume */; };
		8336A9EF1A6CA7F8007465D5 /* main.m in Sources */ = {isa = PBXBuildFile; fileRef = 8336A9EE1A6CA7F8007465D5 /* main.m */; };
		8336A9F21A6CA7F8007465D5 /* AppDelegate.m in Sources */ = {isa = PBXBuildFile; fileRef = 8336A9F11A6CA7F8007465D5 /* AppDelegate.m */; };
		8336A9F51A6CA7F8007465D5 /* ViewController.m in Sources */ = {isa = PBXBuildFile; fileRef = 8336A9F41A6CA7F8007465D5 /* ViewController.m */; };
		8336A9F81A6CA7F8007465D5 /* Main.storyboard in Resources */ = {isa = PBXBuildFile; fileRef = 8336A9F61A6CA7F8007465D5 /* Main.storyboard */; };
		8336A9FA1A6CA7F8007465D5 /* Images.xcassets in Resources */ = {isa = PBXBuildFile; fileRef = 8336A9F91A6CA7F8007465D5 /* Images.xcassets */; };
		8336A9FD1A6CA7F8007465D5 /* LaunchScreen.xib in Resources */ = {isa = PBXBuildFile; fileRef = 8336A9FB1A6CA7F8007465D5 /* LaunchScreen.xib */; };
		8336AA091A6CA7F8007465D5 /* IntroduceTests.m in Sources */ = {isa = PBXBuildFile; fileRef = 8336AA081A6CA7F8007465D5 /* IntroduceTests.m */; };
/* End PBXBuildFile section */

/* Begin PBXContainerItemProxy section */
		8336AA031A6CA7F8007465D5 /* PBXContainerItemProxy */ = {
			isa = PBXContainerItemProxy;
			containerPortal = 8336A9E11A6CA7F7007465D5 /* Project object */;
			proxyType = 1;
			remoteGlobalIDString = 8336A9E81A6CA7F7007465D5;
			remoteInfo = Introduce;
		};
/* End PBXContainerItemProxy section */

/* Begin PBXFileReference section */
		83057D0F1A6CAF630089AED9 /* interactive_resume */ = {isa = PBXFileReference; lastKnownFileType = folder; path = interactive_resume; sourceTree = "<group>"; };
		8336A9E91A6CA7F8007465D5 /* Introduce.app */ = {isa = PBXFileReference; explicitFileType = wrapper.application; includeInIndex = 0; path = Introduce.app; sourceTree = BUILT_PRODUCTS_DIR; };
		8336A9ED1A6CA7F8007465D5 /* Info.plist */ = {isa = PBXFileReference; lastKnownFileType = text.plist.xml; path = Info.plist; sourceTree = "<group>"; };
		8336A9EE1A6CA7F8007465D5 /* main.m */ = {isa = PBXFileReference; lastKnownFileType = sourcecode.c.objc; path = main.m; sourceTree = "<group>"; };
		8336A9F01A6CA7F8007465D5 /* AppDelegate.h */ = {isa = PBXFileReference; lastKnownFileType = sourcecode.c.h; path = AppDelegate.h; sourceTree = "<group>"; };
		8336A9F11A6CA7F8007465D5 /* AppDelegate.m */ = {isa = PBXFileReference; lastKnownFileType = sourcecode.c.objc; path = AppDelegate.m; sourceTree = "<group>"; };
		8336A9F31A6CA7F8007465D5 /* ViewController.h */ = {isa = PBXFileReference; lastKnownFileType = sourcecode.c.h; path = ViewController.h; sourceTree = "<group>"; };
		8336A9F41A6CA7F8007465D5 /* ViewController.m */ = {isa = PBXFileReference; lastKnownFileType = sourcecode.c.objc; path = ViewController.m; sourceTree = "<group>"; };
		8336A9F71A6CA7F8007465D5 /* Base */ = {isa = PBXFileReference; lastKnownFileType = file.storyboard; name = Base; path = Base.lproj/Main.storyboard; sourceTree = "<group>"; };
		8336A9F91A6CA7F8007465D5 /* Images.xcassets */ = {isa = PBXFileReference; lastKnownFileType = folder.assetcatalog; path = Images.xcassets; sourceTree = "<group>"; };
		8336A9FC1A6CA7F8007465D5 /* Base */ = {isa = PBXFileReference; lastKnownFileType = file.xib; name = Base; path = Base.lproj/LaunchScreen.xib; sourceTree = "<group>"; };
		8336AA021A6CA7F8007465D5 /* IntroduceTests.xctest */ = {isa = PBXFileReference; explicitFileType = wrapper.cfbundle; includeInIndex = 0; path = IntroduceTests.xctest; sourceTree = BUILT_PRODUCTS_DIR; };
		8336AA071A6CA7F8007465D5 /* Info.plist */ = {isa = PBXFileReference; lastKnownFileType = text.plist.xml; path = Info.plist; sourceTree = "<group>"; };
		8336AA081A6CA7F8007465D5 /* IntroduceTests.m */ = {isa = PBXFileReference; lastKnownFileType = sourcecode.c.objc; path = IntroduceTests.m; sourceTree = "<group>"; };
/* End PBXFileReference section */

/* Begin PBXFrameworksBuildPhase section */
		8336A9E61A6CA7F7007465D5 /* Frameworks */ = {
			isa = PBXFrameworksBuildPhase;
			buildActionMask = 2147483647;
			files = (
			);
			runOnlyForDeploymentPostprocessing = 0;
		};
		8336A9FF1A6CA7F8007465D5 /* Frameworks */ = {
			isa = PBXFrameworksBuildPhase;
			buildActionMask = 2147483647;
			files = (
			);
			runOnlyForDeploymentPostprocessing = 0;
		};
/* End PBXFrameworksBuildPhase section */

/* Begin PBXGroup section */
		8336A9E01A6CA7F7007465D5 = {
			isa = PBXGroup;
			children = (
				8336A9EB1A6CA7F8007465D5 /* Introduce */,
				8336AA051A6CA7F8007465D5 /* IntroduceTests */,
				8336A9EA1A6CA7F8007465D5 /* Products */,
			);
			sourceTree = "<group>";
		};
		8336A9EA1A6CA7F8007465D5 /* Products */ = {
			isa = PBXGroup;
			children = (
				8336A9E91A6CA7F8007465D5 /* Introduce.app */,
				8336AA021A6CA7F8007465D5 /* IntroduceTests.xctest */,
			);
			name = Products;
			sourceTree = "<group>";
		};
		8336A9EB1A6CA7F8007465D5 /* Introduce */ = {
			isa = PBXGroup;
			children = (
				83057D0F1A6CAF630089AED9 /* interactive_resume */,
				8336A9F01A6CA7F8007465D5 /* AppDelegate.h */,
				8336A9F11A6CA7F8007465D5 /* AppDelegate.m */,
				8336A9F31A6CA7F8007465D5 /* ViewController.h */,
				8336A9F41A6CA7F8007465D5 /* ViewController.m */,
				8336A9F61A6CA7F8007465D5 /* Main.storyboard */,
				8336A9F91A6CA7F8007465D5 /* Images.xcassets */,
				8336A9FB1A6CA7F8007465D5 /* LaunchScreen.xib */,
				8336A9EC1A6CA7F8007465D5 /* Supporting Files */,
			);
			path = Introduce;
			sourceTree = "<group>";
		};
		8336A9EC1A6CA7F8007465D5 /* Supporting Files */ = {
			isa = PBXGroup;
			children = (
				8336A9ED1A6CA7F8007465D5 /* Info.plist */,
				8336A9EE1A6CA7F8007465D5 /* main.m */,
			);
			name = "Supporting Files";
			sourceTree = "<group>";
		};
		8336AA051A6CA7F8007465D5 /* IntroduceTests */ = {
			isa = PBXGroup;
			children = (
				8336AA081A6CA7F8007465D5 /* IntroduceTests.m */,
				8336AA061A6CA7F8007465D5 /* Supporting Files */,
			);
			path = IntroduceTests;
			sourceTree = "<group>";
		};
		8336AA061A6CA7F8007465D5 /* Supporting Files */ = {
			isa = PBXGroup;
			children = (
				8336AA071A6CA7F8007465D5 /* Info.plist */,
			);
			name = "Supporting Files";
			sourceTree = "<group>";
		};
/* End PBXGroup section */

/* Begin PBXNativeTarget section */
		8336A9E81A6CA7F7007465D5 /* Introduce */ = {
			isa = PBXNativeTarget;
			buildConfigurationList = 8336AA0C1A6CA7F8007465D5 /* Build configuration list for PBXNativeTarget "Introduce" */;
			buildPhases = (
				8336A9E51A6CA7F7007465D5 /* Sources */,
				8336A9E61A6CA7F7007465D5 /* Frameworks */,
				8336A9E71A6CA7F7007465D5 /* Resources */,
			);
			buildRules = (
			);
			dependencies = (
			);
			name = Introduce;
			productName = Introduce;
			productReference = 8336A9E91A6CA7F8007465D5 /* Introduce.app */;
			productType = "com.apple.product-type.application";
		};
		8336AA011A6CA7F8007465D5 /* IntroduceTests */ = {
			isa = PBXNativeTarget;
			buildConfigurationList = 8336AA0F1A6CA7F8007465D5 /* Build configuration list for PBXNativeTarget "IntroduceTests" */;
			buildPhases = (
				8336A9FE1A6CA7F8007465D5 /* Sources */,
				8336A9FF1A6CA7F8007465D5 /* Frameworks */,
				8336AA001A6CA7F8007465D5 /* Resources */,
			);
			buildRules = (
			);
			dependencies = (
				8336AA041A6CA7F8007465D5 /* PBXTargetDependency */,
			);
			name = IntroduceTests;
			productName = IntroduceTests;
			productReference = 8336AA021A6CA7F8007465D5 /* IntroduceTests.xctest */;
			productType = "com.apple.product-type.bundle.unit-test";
		};
/* End PBXNativeTarget section */

/* Begin PBXProject section */
		8336A9E11A6CA7F7007465D5 /* Project object */ = {
			isa = PBXProject;
			attributes = {
				LastUpgradeCheck = 0610;
				ORGANIZATIONNAME = ZhaoFucheng;
				TargetAttributes = {
					8336A9E81A6CA7F7007465D5 = {
						CreatedOnToolsVersion = 6.1;
						DevelopmentTeam = 3943ARX7RN;
					};
					8336AA011A6CA7F8007465D5 = {
						CreatedOnToolsVersion = 6.1;
						TestTargetID = 8336A9E81A6CA7F7007465D5;
					};
				};
			};
			buildConfigurationList = 8336A9E41A6CA7F7007465D5 /* Build configuration list for PBXProject "Introduce" */;
			compatibilityVersion = "Xcode 3.2";
			developmentRegion = English;
			hasScannedForEncodings = 0;
			knownRegions = (
				en,
				Base,
			);
			mainGroup = 8336A9E01A6CA7F7007465D5;
			productRefGroup = 8336A9EA1A6CA7F8007465D5 /* Products */;
			projectDirPath = "";
			projectRoot = "";
			targets = (
				8336A9E81A6CA7F7007465D5 /* Introduce */,
				8336AA011A6CA7F8007465D5 /* IntroduceTests */,
			);
		};
/* End PBXProject section */

/* Begin PBXResourcesBuildPhase section */
		8336A9E71A6CA7F7007465D5 /* Resources */ = {
			isa = PBXResourcesBuildPhase;
			buildActionMask = 2147483647;
			files = (
				83057D101A6CAF630089AED9 /* interactive_resume in Resources */,
				8336A9F81A6CA7F8007465D5 /* Main.storyboard in Resources */,
				8336A9FD1A6CA7F8007465D5 /* LaunchScreen.xib in Resources */,
				8336A9FA1A6CA7F8007465D5 /* Images.xcassets in Resources */,
			);
			runOnlyForDeploymentPostprocessing = 0;
		};
		8336AA001A6CA7F8007465D5 /* Resources */ = {
			isa = PBXResourcesBuildPhase;
			buildActionMask = 2147483647;
			files = (
			);
			runOnlyForDeploymentPostprocessing = 0;
		};
/* End PBXResourcesBuildPhase section */

/* Begin PBXSourcesBuildPhase section */
		8336A9E51A6CA7F7007465D5 /* Sources */ = {
			isa = PBXSourcesBuildPhase;
			buildActionMask = 2147483647;
			files = (
				8336A9F51A6CA7F8007465D5 /* ViewController.m in Sources */,
				8336A9F21A6CA7F8007465D5 /* AppDelegate.m in Sources */,
				8336A9EF1A6CA7F8007465D5 /* main.m in Sources */,
			);
			runOnlyForDeploymentPostprocessing = 0;
		};
		8336A9FE1A6CA7F8007465D5 /* Sources */ = {
			isa = PBXSourcesBuildPhase;
			buildActionMask = 2147483647;
			files = (
				8336AA091A6CA7F8007465D5 /* IntroduceTests.m in Sources */,
			);
			runOnlyForDeploymentPostprocessing = 0;
		};
/* End PBXSourcesBuildPhase section */

/* Begin PBXTargetDependency section */
		8336AA041A6CA7F8007465D5 /* PBXTargetDependency */ = {
			isa = PBXTargetDependency;
			target = 8336A9E81A6CA7F7007465D5 /* Introduce */;
			targetProxy = 8336AA031A6CA7F8007465D5 /* PBXContainerItemProxy */;
		};
/* End PBXTargetDependency section */

/* Begin PBXVariantGroup section */
		8336A9F61A6CA7F8007465D5 /* Main.storyboard */ = {
			isa = PBXVariantGroup;
			children = (
				8336A9F71A6CA7F8007465D5 /* Base */,
			);
			name = Main.storyboard;
			sourceTree = "<group>";
		};
		8336A9FB1A6CA7F8007465D5 /* LaunchScreen.xib */ = {
			isa = PBXVariantGroup;
			children = (
				8336A9FC1A6CA7F8007465D5 /* Base */,
			);
			name = LaunchScreen.xib;
			sourceTree = "<group>";
		};
/* End PBXVariantGroup section */

/* Begin XCBuildConfiguration section */
		8336AA0A1A6CA7F8007465D5 /* Debug */ = {
			isa = XCBuildConfiguration;
			buildSettings = {
				ALWAYS_SEARCH_USER_PATHS = NO;
				CLANG_CXX_LANGUAGE_STANDARD = "gnu++0x";
				CLANG_CXX_LIBRARY = "libc++";
				CLANG_ENABLE_MODULES = YES;
				CLANG_ENABLE_OBJC_ARC = YES;
				CLANG_WARN_BOOL_CONVERSION = YES;
				CLANG_WARN_CONSTANT_CONVERSION = YES;
				CLANG_WARN_DIRECT_OBJC_ISA_USAGE = YES_ERROR;
				CLANG_WARN_EMPTY_BODY = YES;
				CLANG_WARN_ENUM_CONVERSION = YES;
				CLANG_WARN_INT_CONVERSION = YES;
				CLANG_WARN_OBJC_ROOT_CLASS = YES_ERROR;
				CLANG_WARN_UNREACHABLE_CODE = YES;
				CLANG_WARN__DUPLICATE_METHOD_MATCH = YES;
				CODE_SIGN_IDENTITY = "iPhone Developer: 福成 赵 (GY97ER3355)";
				"CODE_SIGN_IDENTITY[sdk=iphoneos*]" = "iPhone Developer: 福成 赵 (GY97ER3355)";
				COPY_PHASE_STRIP = NO;
				ENABLE_STRICT_OBJC_MSGSEND = YES;
				GCC_C_LANGUAGE_STANDARD = gnu99;
				GCC_DYNAMIC_NO_PIC = NO;
				GCC_OPTIMIZATION_LEVEL = 0;
				GCC_PREPROCESSOR_DEFINITIONS = (
					"DEBUG=1",
					"$(inherited)",
				);
				GCC_SYMBOLS_PRIVATE_EXTERN = NO;
				GCC_WARN_64_TO_32_BIT_CONVERSION = YES;
				GCC_WARN_ABOUT_RETURN_TYPE = YES_ERROR;
				GCC_WARN_UNDECLARED_SELECTOR = YES;
				GCC_WARN_UNINITIALIZED_AUTOS = YES_AGGRESSIVE;
				GCC_WARN_UNUSED_FUNCTION = YES;
				GCC_WARN_UNUSED_VARIABLE = YES;
				IPHONEOS_DEPLOYMENT_TARGET = 7.0;
				MTL_ENABLE_DEBUG_INFO = YES;
				ONLY_ACTIVE_ARCH = YES;
				PROVISIONING_PROFILE = "baf439b8-eaf9-4aa6-b390-ef377c8930c0";
				SDKROOT = iphoneos;
				TARGETED_DEVICE_FAMILY = 2;
			};
			name = Debug;
		};
		8336AA0B1A6CA7F8007465D5 /* Release */ = {
			isa = XCBuildConfiguration;
			buildSettings = {
				ALWAYS_SEARCH_USER_PATHS = NO;
				CLANG_CXX_LANGUAGE_STANDARD = "gnu++0x";
				CLANG_CXX_LIBRARY = "libc++";
				CLANG_ENABLE_MODULES = YES;
				CLANG_ENABLE_OBJC_ARC = YES;
				CLANG_WARN_BOOL_CONVERSION = YES;
				CLANG_WARN_CONSTANT_CONVERSION = YES;
				CLANG_WARN_DIRECT_OBJC_ISA_USAGE = YES_ERROR;
				CLANG_WARN_EMPTY_BODY = YES;
				CLANG_WARN_ENUM_CONVERSION = YES;
				CLANG_WARN_INT_CONVERSION = YES;
				CLANG_WARN_OBJC_ROOT_CLASS = YES_ERROR;
				CLANG_WARN_UNREACHABLE_CODE = YES;
				CLANG_WARN__DUPLICATE_METHOD_MATCH = YES;
				CODE_SIGN_IDENTITY = "iPhone Developer: 福成 赵 (GY97ER3355)";
				"CODE_SIGN_IDENTITY[sdk=iphoneos*]" = "iPhone Developer: 福成 赵 (GY97ER3355)";
				COPY_PHASE_STRIP = YES;
				ENABLE_NS_ASSERTIONS = NO;
				ENABLE_STRICT_OBJC_MSGSEND = YES;
				GCC_C_LANGUAGE_STANDARD = gnu99;
				GCC_WARN_64_TO_32_BIT_CONVERSION = YES;
				GCC_WARN_ABOUT_RETURN_TYPE = YES_ERROR;
				GCC_WARN_UNDECLARED_SELECTOR = YES;
				GCC_WARN_UNINITIALIZED_AUTOS = YES_AGGRESSIVE;
				GCC_WARN_UNUSED_FUNCTION = YES;
				GCC_WARN_UNUSED_VARIABLE = YES;
				IPHONEOS_DEPLOYMENT_TARGET = 7.0;
				MTL_ENABLE_DEBUG_INFO = NO;
				PROVISIONING_PROFILE = "0b3a8865-2efe-4d0d-b9e1-a4306a96c472";
				SDKROOT = iphoneos;
				TARGETED_DEVICE_FAMILY = 2;
				VALIDATE_PRODUCT = YES;
			};
			name = Release;
		};
		8336AA0D1A6CA7F8007465D5 /* Debug */ = {
			isa = XCBuildConfiguration;
			buildSettings = {
				ASSETCATALOG_COMPILER_APPICON_NAME = AppIcon;
				CODE_SIGN_IDENTITY = "iPhone Developer: 福成 赵 (GY97ER3355)";
				"CODE_SIGN_IDENTITY[sdk=iphoneos*]" = "iPhone Developer: 福成 赵 (GY97ER3355)";
				INFOPLIST_FILE = Introduce/Info.plist;
				IPHONEOS_DEPLOYMENT_TARGET = 7.0;
				LD_RUNPATH_SEARCH_PATHS = "$(inherited) @executable_path/Frameworks";
				PRODUCT_NAME = "$(TARGET_NAME)";
				PROVISIONING_PROFILE = "baf439b8-eaf9-4aa6-b390-ef377c8930c0";
			};
			name = Debug;
		};
		8336AA0E1A6CA7F8007465D5 /* Release */ = {
			isa = XCBuildConfiguration;
			buildSettings = {
				ASSETCATALOG_COMPILER_APPICON_NAME = AppIcon;
				CODE_SIGN_IDENTITY = "iPhone Developer: 福成 赵 (GY97ER3355)";
				"CODE_SIGN_IDENTITY[sdk=iphoneos*]" = "iPhone Developer: 福成 赵 (GY97ER3355)";
				INFOPLIST_FILE = Introduce/Info.plist;
				IPHONEOS_DEPLOYMENT_TARGET = 7.0;
				LD_RUNPATH_SEARCH_PATHS = "$(inherited) @executable_path/Frameworks";
				PRODUCT_NAME = "$(TARGET_NAME)";
				PROVISIONING_PROFILE = "0b3a8865-2efe-4d0d-b9e1-a4306a96c472";
			};
			name = Release;
		};
		8336AA101A6CA7F8007465D5 /* Debug */ = {
			isa = XCBuildConfiguration;
			buildSettings = {
				BUNDLE_LOADER = "$(TEST_HOST)";
				FRAMEWORK_SEARCH_PATHS = (
					"$(SDKROOT)/Developer/Library/Frameworks",
					"$(inherited)",
				);
				GCC_PREPROCESSOR_DEFINITIONS = (
					"DEBUG=1",
					"$(inherited)",
				);
				INFOPLIST_FILE = IntroduceTests/Info.plist;
				LD_RUNPATH_SEARCH_PATHS = "$(inherited) @executable_path/Frameworks @loader_path/Frameworks";
				PRODUCT_NAME = "$(TARGET_NAME)";
				TEST_HOST = "$(BUILT_PRODUCTS_DIR)/Introduce.app/Introduce";
			};
			name = Debug;
		};
		8336AA111A6CA7F8007465D5 /* Release */ = {
			isa = XCBuildConfiguration;
			buildSettings = {
				BUNDLE_LOADER = "$(TEST_HOST)";
				FRAMEWORK_SEARCH_PATHS = (
					"$(SDKROOT)/Developer/Library/Frameworks",
					"$(inherited)",
				);
				INFOPLIST_FILE = IntroduceTests/Info.plist;
				LD_RUNPATH_SEARCH_PATHS = "$(inherited) @executable_path/Frameworks @loader_path/Frameworks";
				PRODUCT_NAME = "$(TARGET_NAME)";
				TEST_HOST = "$(BUILT_PRODUCTS_DIR)/Introduce.app/Introduce";
			};
			name = Release;
		};
/* End XCBuildConfiguration section */

/* Begin XCConfigurationList section */
		8336A9E41A6CA7F7007465D5 /* Build configuration list for PBXProject "Introduce" */ = {
			isa = XCConfigurationList;
			buildConfigurations = (
				8336AA0A1A6CA7F8007465D5 /* Debug */,
				8336AA0B1A6CA7F8007465D5 /* Release */,
			);
			defaultConfigurationIsVisible = 0;
			defaultConfigurationName = Release;
		};
		8336AA0C1A6CA7F8007465D5 /* Build configuration list for PBXNativeTarget "Introduce" */ = {
			isa = XCConfigurationList;
			buildConfigurations = (
				8336AA0D1A6CA7F8007465D5 /* Debug */,
				8336AA0E1A6CA7F8007465D5 /* Release */,
			);
			defaultConfigurationIsVisible = 0;
			defaultConfigurationName = Release;
		};
		8336AA0F1A6CA7F8007465D5 /* Build configuration list for PBXNativeTarget "IntroduceTests" */ = {
			isa = XCConfigurationList;
			buildConfigurations = (
				8336AA101A6CA7F8007465D5 /* Debug */,
				8336AA111A6CA7F8007465D5 /* Release */,
			);
			defaultConfigurationIsVisible = 0;
			defaultConfigurationName = Release;
		};
/* End XCConfigurationList section */
	};
	rootObject = 8336A9E11A6CA7F7007465D5 /* Project object */;
}
